// !$*UTF8*$!
{
	archiveVersion = 1;
	classes = {
	};
	objectVersion = 50;
	objects = {

/* Begin PBXBuildFile section */
		EA1122E420E8EF5400733889 /* AppDelegate.swift in Sources */ = {isa = PBXBuildFile; fileRef = EA1122E320E8EF5400733889 /* AppDelegate.swift */; };
		EA1122E620E8EF5400733889 /* GameScene.sks in Resources */ = {isa = PBXBuildFile; fileRef = EA1122E520E8EF5400733889 /* GameScene.sks */; };
		EA1122E820E8EF5400733889 /* Actions.sks in Resources */ = {isa = PBXBuildFile; fileRef = EA1122E720E8EF5400733889 /* Actions.sks */; };
		EA1122EA20E8EF5400733889 /* GameScene.swift in Sources */ = {isa = PBXBuildFile; fileRef = EA1122E920E8EF5400733889 /* GameScene.swift */; };
		EA1122EC20E8EF5400733889 /* GameViewController.swift in Sources */ = {isa = PBXBuildFile; fileRef = EA1122EB20E8EF5400733889 /* GameViewController.swift */; };
		EA1122EF20E8EF5400733889 /* Main.storyboard in Resources */ = {isa = PBXBuildFile; fileRef = EA1122ED20E8EF5400733889 /* Main.storyboard */; };
		EA1122F120E8EF5600733889 /* Assets.xcassets in Resources */ = {isa = PBXBuildFile; fileRef = EA1122F020E8EF5600733889 /* Assets.xcassets */; };
		EA1122F420E8EF5600733889 /* LaunchScreen.storyboard in Resources */ = {isa = PBXBuildFile; fileRef = EA1122F220E8EF5600733889 /* LaunchScreen.storyboard */; };
/* End PBXBuildFile section */

/* Begin PBXFileReference section */
		EA1122E020E8EF5400733889 /* Flappy_Timmy.app */ = {isa = PBXFileReference; explicitFileType = wrapper.application; includeInIndex = 0; path = Flappy_Timmy.app; sourceTree = BUILT_PRODUCTS_DIR; };
		EA1122E320E8EF5400733889 /* AppDelegate.swift */ = {isa = PBXFileReference; lastKnownFileType = sourcecode.swift; path = AppDelegate.swift; sourceTree = "<group>"; };
		EA1122E520E8EF5400733889 /* GameScene.sks */ = {isa = PBXFileReference; lastKnownFileType = file.sks; path = GameScene.sks; sourceTree = "<group>"; };
		EA1122E720E8EF5400733889 /* Actions.sks */ = {isa = PBXFileReference; lastKnownFileType = file.sks; path = Actions.sks; sourceTree = "<group>"; };
		EA1122E920E8EF5400733889 /* GameScene.swift */ = {isa = PBXFileReference; lastKnownFileType = sourcecode.swift; path = GameScene.swift; sourceTree = "<group>"; };
		EA1122EB20E8EF5400733889 /* GameViewController.swift */ = {isa = PBXFileReference; lastKnownFileType = sourcecode.swift; path = GameViewController.swift; sourceTree = "<group>"; };
		EA1122EE20E8EF5400733889 /* Base */ = {isa = PBXFileReference; lastKnownFileType = file.storyboard; name = Base; path = Base.lproj/Main.storyboard; sourceTree = "<group>"; };
		EA1122F020E8EF5600733889 /* Assets.xcassets */ = {isa = PBXFileReference; lastKnownFileType = folder.assetcatalog; path = Assets.xcassets; sourceTree = "<group>"; };
		EA1122F320E8EF5600733889 /* Base */ = {isa = PBXFileReference; lastKnownFileType = file.storyboard; name = Base; path = Base.lproj/LaunchScreen.storyboard; sourceTree = "<group>"; };
		EA1122F520E8EF5600733889 /* Info.plist */ = {isa = PBXFileReference; lastKnownFileType = text.plist.xml; path = Info.plist; sourceTree = "<group>"; };
/* End PBXFileReference section */

/* Begin PBXFrameworksBuildPhase section */
		EA1122DD20E8EF5400733889 /* Frameworks */ = {
			isa = PBXFrameworksBuildPhase;
			buildActionMask = 2147483647;
			files = (
			);
			runOnlyForDeploymentPostprocessing = 0;
		};
/* End PBXFrameworksBuildPhase section */

/* Begin PBXGroup section */
		EA1122D720E8EF5400733889 = {
			isa = PBXGroup;
			children = (
				EA1122E220E8EF5400733889 /* Flappy_Timmy */,
				EA1122E120E8EF5400733889 /* Products */,
			);
			sourceTree = "<group>";
		};
		EA1122E120E8EF5400733889 /* Products */ = {
			isa = PBXGroup;
			children = (
				EA1122E020E8EF5400733889 /* Flappy_Timmy.app */,
			);
			name = Products;
			sourceTree = "<group>";
		};
		EA1122E220E8EF5400733889 /* Flappy_Timmy */ = {
			isa = PBXGroup;
			children = (
				EA1122E320E8EF5400733889 /* AppDelegate.swift */,
				EA1122E520E8EF5400733889 /* GameScene.sks */,
				EA1122E720E8EF5400733889 /* Actions.sks */,
				EA1122E920E8EF5400733889 /* GameScene.swift */,
				EA1122EB20E8EF5400733889 /* GameViewController.swift */,
				EA1122ED20E8EF5400733889 /* Main.storyboard */,
				EA1122F020E8EF5600733889 /* Assets.xcassets */,
				EA1122F220E8EF5600733889 /* LaunchScreen.storyboard */,
				EA1122F520E8EF5600733889 /* Info.plist */,
			);
			path = Flappy_Timmy;
			sourceTree = "<group>";
		};
/* End PBXGroup section */

/* Begin PBXNativeTarget section */
		EA1122DF20E8EF5400733889 /* Flappy_Timmy */ = {
			isa = PBXNativeTarget;
			buildConfigurationList = EA1122F820E8EF5600733889 /* Build configuration list for PBXNativeTarget "Flappy_Timmy" */;
			buildPhases = (
				EA1122DC20E8EF5400733889 /* Sources */,
				EA1122DD20E8EF5400733889 /* Frameworks */,
				EA1122DE20E8EF5400733889 /* Resources */,
			);
			buildRules = (
			);
			dependencies = (
			);
			name = Flappy_Timmy;
			productName = Flappy_Timmy;
			productReference = EA1122E020E8EF5400733889 /* Flappy_Timmy.app */;
			productType = "com.apple.product-type.application";
		};
/* End PBXNativeTarget section */

/* Begin PBXProject section */
		EA1122D820E8EF5400733889 /* Project object */ = {
			isa = PBXProject;
			attributes = {
				LastSwiftUpdateCheck = 0930;
				LastUpgradeCheck = 0930;
				ORGANIZATIONNAME = "Timmy Tseng";
				TargetAttributes = {
					EA1122DF20E8EF5400733889 = {
						CreatedOnToolsVersion = 9.3;
					};
				};
			};
			buildConfigurationList = EA1122DB20E8EF5400733889 /* Build configuration list for PBXProject "Flappy_Timmy" */;
			compatibilityVersion = "Xcode 9.3";
			developmentRegion = en;
			hasScannedForEncodings = 0;
			knownRegions = (
				en,
				Base,
			);
			mainGroup = EA1122D720E8EF5400733889;
			productRefGroup = EA1122E120E8EF5400733889 /* Products */;
			projectDirPath = "";
			projectRoot = "";
			targets = (
				EA1122DF20E8EF5400733889 /* Flappy_Timmy */,
			);
		};
/* End PBXProject section */

/* Begin PBXResourcesBuildPhase section */
		EA1122DE20E8EF5400733889 /* Resources */ = {
			isa = PBXResourcesBuildPhase;
			buildActionMask = 2147483647;
			files = (
				EA1122EF20E8EF5400733889 /* Main.storyboard in Resources */,
				EA1122E620E8EF5400733889 /* GameScene.sks in Resources */,
				EA1122F120E8EF5600733889 /* Assets.xcassets in Resources */,
				EA1122F420E8EF5600733889 /* LaunchScreen.storyboard in Resources */,
				EA1122E820E8EF5400733889 /* Actions.sks in Resources */,
			);
			runOnlyForDeploymentPostprocessing = 0;
		};
/* End PBXResourcesBuildPhase section */

/* Begin PBXSourcesBuildPhase section */
		EA1122DC20E8EF5400733889 /* Sources */ = {
			isa = PBXSourcesBuildPhase;
			buildActionMask = 2147483647;
			files = (
				EA1122EA20E8EF5400733889 /* GameScene.swift in Sources */,
				EA1122EC20E8EF5400733889 /* GameViewController.swift in Sources */,
				EA1122E420E8EF5400733889 /* AppDelegate.swift in Sources */,
			);
			runOnlyForDeploymentPostprocessing = 0;
		};
/* End PBXSourcesBuildPhase section */

/* Begin PBXVariantGroup section */
		EA1122ED20E8EF5400733889 /* Main.storyboard */ = {
			isa = PBXVariantGroup;
			children = (
				EA1122EE20E8EF5400733889 /* Base */,
			);
			name = Main.storyboard;
			sourceTree = "<group>";
		};
		EA1122F220E8EF5600733889 /* LaunchScreen.storyboard */ = {
			isa = PBXVariantGroup;
			children = (
				EA1122F320E8EF5600733889 /* Base */,
			);
			name = LaunchScreen.storyboard;
			sourceTree = "<group>";
		};
/* End PBXVariantGroup section */

/* Begin XCBuildConfiguration section */
		EA1122F620E8EF5600733889 /* Debug */ = {
			isa = XCBuildConfiguration;
			buildSettings = {
				ALWAYS_SEARCH_USER_PATHS = NO;
				CLANG_ANALYZER_NONNULL = YES;
				CLANG_ANALYZER_NUMBER_OBJECT_CONVERSION = YES_AGGRESSIVE;
				CLANG_CXX_LANGUAGE_STANDARD = "gnu++14";
				CLANG_CXX_LIBRARY = "libc++";
				CLANG_ENABLE_MODULES = YES;
				CLANG_ENABLE_OBJC_ARC = YES;
				CLANG_ENABLE_OBJC_WEAK = YES;
				CLANG_WARN_BLOCK_CAPTURE_AUTORELEASING = YES;
				CLANG_WARN_BOOL_CONVERSION = YES;
				CLANG_WARN_COMMA = YES;
				CLANG_WARN_CONSTANT_CONVERSION = YES;
				CLANG_WARN_DEPRECATED_OBJC_IMPLEMENTATIONS = YES;
				CLANG_WARN_DIRECT_OBJC_ISA_USAGE = YES_ERROR;
				CLANG_WARN_DOCUMENTATION_COMMENTS = YES;
				CLANG_WARN_EMPTY_BODY = YES;
				CLANG_WARN_ENUM_CONVERSION = YES;
				CLANG_WARN_INFINITE_RECURSION = YES;
				CLANG_WARN_INT_CONVERSION = YES;
				CLANG_WARN_NON_LITERAL_NULL_CONVERSION = YES;
				CLANG_WARN_OBJC_IMPLICIT_RETAIN_SELF = YES;
				CLANG_WARN_OBJC_LITERAL_CONVERSION = YES;
				CLANG_WARN_OBJC_ROOT_CLASS = YES_ERROR;
				CLANG_WARN_RANGE_LOOP_ANALYSIS = YES;
				CLANG_WARN_STRICT_PROTOTYPES = YES;
				CLANG_WARN_SUSPICIOUS_MOVE = YES;
				CLANG_WARN_UNGUARDED_AVAILABILITY = YES_AGGRESSIVE;
				CLANG_WARN_UNREACHABLE_CODE = YES;
				CLANG_WARN__DUPLICATE_METHOD_MATCH = YES;
				CODE_SIGN_IDENTITY = "iPhone Developer";
				COPY_PHASE_STRIP = NO;
				DEBUG_INFORMATION_FORMAT = dwarf;
				ENABLE_STRICT_OBJC_MSGSEND = YES;
				ENABLE_TESTABILITY = YES;
				GCC_C_LANGUAGE_STANDARD = gnu11;
				GCC_DYNAMIC_NO_PIC = NO;
				GCC_NO_COMMON_BLOCKS = YES;
				GCC_OPTIMIZATION_LEVEL = 0;
				GCC_PREPROCESSOR_DEFINITIONS = (
					"DEBUG=1",
					"$(inherited)",
				);
				GCC_WARN_64_TO_32_BIT_CONVERSION = YES;
				GCC_WARN_ABOUT_RETURN_TYPE = YES_ERROR;
				GCC_WARN_UNDECLARED_SELECTOR = YES;
				GCC_WARN_UNINITIALIZED_AUTOS = YES_AGGRESSIVE;
				GCC_WARN_UNUSED_FUNCTION = YES;
				GCC_WARN_UNUSED_VARIABLE = YES;
				IPHONEOS_DEPLOYMENT_TARGET = 11.3;
				MTL_ENABLE_DEBUG_INFO = YES;
				ONLY_ACTIVE_ARCH = YES;
				SDKROOT = iphoneos;
				SWIFT_ACTIVE_COMPILATION_CONDITIONS = DEBUG;
				SWIFT_OPTIMIZATION_LEVEL = "-Onone";
			};
			name = Debug;
		};
		EA1122F720E8EF5600733889 /* Release */ = {
			isa = XCBuildConfiguration;
			buildSettings = {
				ALWAYS_SEARCH_USER_PATHS = NO;
				CLANG_ANALYZER_NONNULL = YES;
				CLANG_ANALYZER_NUMBER_OBJECT_CONVERSION = YES_AGGRESSIVE;
				CLANG_CXX_LANGUAGE_STANDARD = "gnu++14";
				CLANG_CXX_LIBRARY = "libc++";
				CLANG_ENABLE_MODULES = YES;
				CLANG_ENABLE_OBJC_ARC = YES;
				CLANG_ENABLE_OBJC_WEAK = YES;
				CLANG_WARN_BLOCK_CAPTURE_AUTORELEASING = YES;
				CLANG_WARN_BOOL_CONVERSION = YES;
				CLANG_WARN_COMMA = YES;
				CLANG_WARN_CONSTANT_CONVERSION = YES;
				CLANG_WARN_DEPRECATED_OBJC_IMPLEMENTATIONS = YES;
				CLANG_WARN_DIRECT_OBJC_ISA_USAGE = YES_ERROR;
				CLANG_WARN_DOCUMENTATION_COMMENTS = YES;
				CLANG_WARN_EMPTY_BODY = YES;
				CLANG_WARN_ENUM_CONVERSION = YES;
				CLANG_WARN_INFINITE_RECURSION = YES;
				CLANG_WARN_INT_CONVERSION = YES;
				CLANG_WARN_NON_LITERAL_NULL_CONVERSION = YES;
				CLANG_WARN_OBJC_IMPLICIT_RETAIN_SELF = YES;
				CLANG_WARN_OBJC_LITERAL_CONVERSION = YES;
				CLANG_WARN_OBJC_ROOT_CLASS = YES_ERROR;
				CLANG_WARN_RANGE_LOOP_ANALYSIS = YES;
				CLANG_WARN_STRICT_PROTOTYPES = YES;
				CLANG_WARN_SUSPICIOUS_MOVE = YES;
				CLANG_WARN_UNGUARDED_AVAILABILITY = YES_AGGRESSIVE;
				CLANG_WARN_UNREACHABLE_CODE = YES;
				CLANG_WARN__DUPLICATE_METHOD_MATCH = YES;
				CODE_SIGN_IDENTITY = "iPhone Developer";
				COPY_PHASE_STRIP = NO;
				DEBUG_INFORMATION_FORMAT = "dwarf-with-dsym";
				ENABLE_NS_ASSERTIONS = NO;
				ENABLE_STRICT_OBJC_MSGSEND = YES;
				GCC_C_LANGUAGE_STANDARD = gnu11;
				GCC_NO_COMMON_BLOCKS = YES;
				GCC_WARN_64_TO_32_BIT_CONVERSION = YES;
				GCC_WARN_ABOUT_RETURN_TYPE = YES_ERROR;
				GCC_WARN_UNDECLARED_SELECTOR = YES;
				GCC_WARN_UNINITIALIZED_AUTOS = YES_AGGRESSIVE;
				GCC_WARN_UNUSED_FUNCTION = YES;
				GCC_WARN_UNUSED_VARIABLE = YES;
				IPHONEOS_DEPLOYMENT_TARGET = 11.3;
				MTL_ENABLE_DEBUG_INFO = NO;
				SDKROOT = iphoneos;
				SWIFT_COMPILATION_MODE = wholemodule;
				SWIFT_OPTIMIZATION_LEVEL = "-O";
				VALIDATE_PRODUCT = YES;
			};
			name = Release;
		};
		EA1122F920E8EF5600733889 /* Debug */ = {
			isa = XCBuildConfiguration;
			buildSettings = {
				ASSETCATALOG_COMPILER_APPICON_NAME = AppIcon;
				CODE_SIGN_STYLE = Automatic;
				DEVELOPMENT_TEAM = 2PYA34AW5V;
				INFOPLIST_FILE = Flappy_Timmy/Info.plist;
				LD_RUNPATH_SEARCH_PATHS = (
					"$(inherited)",
					"@executable_path/Frameworks",
				);
				PRODUCT_BUNDLE_IDENTIFIER = "timmytseng.Flappy-Timmy";
				PRODUCT_NAME = "$(TARGET_NAME)";
				SWIFT_VERSION = 4.0;
				TARGETED_DEVICE_FAMILY = "1,2";
			};
			name = Debug;
		};
		EA1122FA20E8EF5600733889 /* Release */ = {
			isa = XCBuildConfiguration;
			buildSettings = {
				ASSETCATALOG_COMPILER_APPICON_NAME = AppIcon;
				CODE_SIGN_STYLE = Automatic;
				DEVELOPMENT_TEAM = 2PYA34AW5V;
				INFOPLIST_FILE = Flappy_Timmy/Info.plist;
				LD_RUNPATH_SEARCH_PATHS = (
					"$(inherited)",
					"@executable_path/Frameworks",
				);
				PRODUCT_BUNDLE_IDENTIFIER = "timmytseng.Flappy-Timmy";
				PRODUCT_NAME = "$(TARGET_NAME)";
				SWIFT_VERSION = 4.0;
				TARGETED_DEVICE_FAMILY = "1,2";
			};
			name = Release;
		};
/* End XCBuildConfiguration section */

/* Begin XCConfigurationList section */
		EA1122DB20E8EF5400733889 /* Build configuration list for PBXProject "Flappy_Timmy" */ = {
			isa = XCConfigurationList;
			buildConfigurations = (
				EA1122F620E8EF5600733889 /* Debug */,
				EA1122F720E8EF5600733889 /* Release */,
			);
			defaultConfigurationIsVisible = 0;
			defaultConfigurationName = Release;
		};
		EA1122F820E8EF5600733889 /* Build configuration list for PBXNativeTarget "Flappy_Timmy" */ = {
			isa = XCConfigurationList;
			buildConfigurations = (
				EA1122F920E8EF5600733889 /* Debug */,
				EA1122FA20E8EF5600733889 /* Release */,
			);
			defaultConfigurationIsVisible = 0;
			defaultConfigurationName = Release;
		};
/* End XCConfigurationList section */
	};
	rootObject = EA1122D820E8EF5400733889 /* Project object */;
}
